
Microsoft Visual Studio Solution File, Format Version 12.00
# Visual Studio Version 16
VisualStudioVersion = 16.0.28803.202
MinimumVisualStudioVersion = 10.0.40219.1
Project("{FAE04EC0-301F-11D3-BF4B-00C04F79EFBC}") = "AsyncProgramming", "AsyncProgramming\AsyncProgramming.csproj", "{58E97CAE-91EB-4975-B80F-99E858AE974F}"
EndProject
Project("{FAE04EC0-301F-11D3-BF4B-00C04F79EFBC}") = "Spider", "Spider\Spider.csproj", "{AF7C237A-7BAE-4712-9F77-CC7A3014061F}"
EndProject
Project("{FAE04EC0-301F-11D3-BF4B-00C04F79EFBC}") = "Threading", "Threading\Threading.csproj", "{3F06F78B-08DB-494D-85B9-D0810F9D4080}"
EndProject
Global
	GlobalSection(SolutionConfigurationPlatforms) = preSolution
		Debug|Any CPU = Debug|Any CPU
		Release|Any CPU = Release|Any CPU
	EndGlobalSection
	GlobalSection(ProjectConfigurationPlatforms) = postSolution
		{58E97CAE-91EB-4975-B80F-99E858AE974F}.Debug|Any CPU.ActiveCfg = Debug|Any CPU
		{58E97CAE-91EB-4975-B80F-99E858AE974F}.Debug|Any CPU.Build.0 = Debug|Any CPU
		{58E97CAE-91EB-4975-B80F-99E858AE974F}.Release|Any CPU.ActiveCfg = Release|Any CPU
		{58E97CAE-91EB-4975-B80F-99E858AE974F}.Release|Any CPU.Build.0 = Release|Any CPU
		{AF7C237A-7BAE-4712-9F77-CC7A3014061F}.Debug|Any CPU.ActiveCfg = Debug|Any CPU
		{AF7C237A-7BAE-4712-9F77-CC7A3014061F}.Debug|Any CPU.Build.0 = Debug|Any CPU
		{AF7C237A-7BAE-4712-9F77-CC7A3014061F}.Release|Any CPU.ActiveCfg = Release|Any CPU
		{AF7C237A-7BAE-4712-9F77-CC7A3014061F}.Release|Any CPU.Build.0 = Release|Any CPU
		{3F06F78B-08DB-494D-85B9-D0810F9D4080}.Debug|Any CPU.ActiveCfg = Debug|Any CPU
		{3F06F78B-08DB-494D-85B9-D0810F9D4080}.Debug|Any CPU.Build.0 = Debug|Any CPU
		{3F06F78B-08DB-494D-85B9-D0810F9D4080}.Release|Any CPU.ActiveCfg = Release|Any CPU
		{3F06F78B-08DB-494D-85B9-D0810F9D4080}.Release|Any CPU.Build.0 = Release|Any CPU
	EndGlobalSection
	GlobalSection(SolutionProperties) = preSolution
		HideSolutionNode = FALSE
	EndGlobalSection
	GlobalSection(ExtensibilityGlobals) = postSolution
		SolutionGuid = {BA01B6E9-C123-4627-BCBD-5D728CE1DB6E}
	EndGlobalSection
EndGlobal
